{
  "name": "taktik-2025-website",
  "version": "1.0.0",
  "lockfileVersion": 3,
  "requires": true,
  "packages": {
    "": {
      "name": "taktik-2025-website",
      "version": "1.0.0",
      "license": "ISC",
      "dependencies": {
        "taktik-2025-website": "file:"
      }
    },
    "node_modules/taktik-2025-website": {
      "resolved": "",
      "link": true
    }
  }
}
